
Microsoft Visual Studio Solution File, Format Version 12.00
# Visual Studio 2012
Project("{FAE04EC0-301F-11D3-BF4B-00C04F79EFBC}") = "Fractions", "Fractions\Fractions.csproj", "{D8ACB536-362A-4580-9AF1-572F26B87182}"
EndProject
Project("{FAE04EC0-301F-11D3-BF4B-00C04F79EFBC}") = "Tests.Fractions", "tests\Tests.Fraction\Tests.Fractions.csproj", "{2AD2FCF0-E659-46C8-983A-6BA355EF0CCA}"
EndProject
Project("{2150E333-8FDC-42A3-9474-1A3956D46DE8}") = ".nuget", ".nuget", "{3EAB55C5-0DDC-4C58-978C-3CE6870444C9}"
	ProjectSection(SolutionItems) = preProject
		.nuget\NuGet.Config = .nuget\NuGet.Config
		.nuget\NuGet.exe = .nuget\NuGet.exe
		.nuget\NuGet.targets = .nuget\NuGet.targets
	EndProjectSection
EndProject
Global
	GlobalSection(SolutionConfigurationPlatforms) = preSolution
		Debug|Any CPU = Debug|Any CPU
		Debug|x86 = Debug|x86
		Release|Any CPU = Release|Any CPU
		Release|x86 = Release|x86
	EndGlobalSection
	GlobalSection(ProjectConfigurationPlatforms) = postSolution
		{D8ACB536-362A-4580-9AF1-572F26B87182}.Debug|Any CPU.ActiveCfg = Debug|Any CPU
		{D8ACB536-362A-4580-9AF1-572F26B87182}.Debug|Any CPU.Build.0 = Debug|Any CPU
		{D8ACB536-362A-4580-9AF1-572F26B87182}.Debug|x86.ActiveCfg = Debug|x86
		{D8ACB536-362A-4580-9AF1-572F26B87182}.Debug|x86.Build.0 = Debug|x86
		{D8ACB536-362A-4580-9AF1-572F26B87182}.Release|Any CPU.ActiveCfg = Release|Any CPU
		{D8ACB536-362A-4580-9AF1-572F26B87182}.Release|Any CPU.Build.0 = Release|Any CPU
		{D8ACB536-362A-4580-9AF1-572F26B87182}.Release|x86.ActiveCfg = Release|x86
		{D8ACB536-362A-4580-9AF1-572F26B87182}.Release|x86.Build.0 = Release|x86
		{2AD2FCF0-E659-46C8-983A-6BA355EF0CCA}.Debug|Any CPU.ActiveCfg = Debug|Any CPU
		{2AD2FCF0-E659-46C8-983A-6BA355EF0CCA}.Debug|Any CPU.Build.0 = Debug|Any CPU
		{2AD2FCF0-E659-46C8-983A-6BA355EF0CCA}.Debug|x86.ActiveCfg = Debug|x86
		{2AD2FCF0-E659-46C8-983A-6BA355EF0CCA}.Debug|x86.Build.0 = Debug|x86
		{2AD2FCF0-E659-46C8-983A-6BA355EF0CCA}.Release|Any CPU.ActiveCfg = Release|Any CPU
		{2AD2FCF0-E659-46C8-983A-6BA355EF0CCA}.Release|Any CPU.Build.0 = Release|Any CPU
		{2AD2FCF0-E659-46C8-983A-6BA355EF0CCA}.Release|x86.ActiveCfg = Release|x86
		{2AD2FCF0-E659-46C8-983A-6BA355EF0CCA}.Release|x86.Build.0 = Release|x86
	EndGlobalSection
	GlobalSection(SolutionProperties) = preSolution
		HideSolutionNode = FALSE
	EndGlobalSection
EndGlobal
