
Microsoft Visual Studio Solution File, Format Version 12.00
# Visual Studio Version 16
VisualStudioVersion = 16.0.28922.388
MinimumVisualStudioVersion = 10.0.40219.1
Project("{2150E333-8FDC-42A3-9474-1A3956D46DE8}") = "Tests", "Tests", "{B41FB63E-5400-433A-AE72-BA3787D122E6}"
EndProject
Project("{9A19103F-16F7-4668-BE54-9A1E7A4F7556}") = "Fractions", "src\Fractions\Fractions.csproj", "{EDED9825-AC75-436A-89C8-0010DF66C61D}"
EndProject
Project("{2150E333-8FDC-42A3-9474-1A3956D46DE8}") = "Solution Items", "Solution Items", "{FB32586E-70BB-4EEE-A0D0-F5BA24988419}"
	ProjectSection(SolutionItems) = preProject
		Changelog.md = Changelog.md
		license.txt = license.txt
		Readme.md = Readme.md
	EndProjectSection
EndProject
Project("{9A19103F-16F7-4668-BE54-9A1E7A4F7556}") = "Fractions.Json", "src\Fractions.Json\Fractions.Json.csproj", "{B7A53FB0-C832-41EF-929C-7865C4BF7B0E}"
EndProject
Project("{9A19103F-16F7-4668-BE54-9A1E7A4F7556}") = "Fractions.Tests", "tests\Fractions.Tests\Fractions.Tests.csproj", "{F48B5784-4102-44AB-B07A-18485C21FC07}"
EndProject
Project("{9A19103F-16F7-4668-BE54-9A1E7A4F7556}") = "Fractions.Json.Tests", "tests\Fractions.Json.Tests\Fractions.Json.Tests.csproj", "{1C77D649-95F0-4E45-9D28-568F94574AC2}"
EndProject
Global
	GlobalSection(SolutionConfigurationPlatforms) = preSolution
		Debug|Any CPU = Debug|Any CPU
		Debug|x86 = Debug|x86
		Release|Any CPU = Release|Any CPU
		Release|x86 = Release|x86
	EndGlobalSection
	GlobalSection(ProjectConfigurationPlatforms) = postSolution
		{EDED9825-AC75-436A-89C8-0010DF66C61D}.Debug|Any CPU.ActiveCfg = Debug|Any CPU
		{EDED9825-AC75-436A-89C8-0010DF66C61D}.Debug|Any CPU.Build.0 = Debug|Any CPU
		{EDED9825-AC75-436A-89C8-0010DF66C61D}.Debug|x86.ActiveCfg = Debug|Any CPU
		{EDED9825-AC75-436A-89C8-0010DF66C61D}.Debug|x86.Build.0 = Debug|Any CPU
		{EDED9825-AC75-436A-89C8-0010DF66C61D}.Release|Any CPU.ActiveCfg = Release|Any CPU
		{EDED9825-AC75-436A-89C8-0010DF66C61D}.Release|Any CPU.Build.0 = Release|Any CPU
		{EDED9825-AC75-436A-89C8-0010DF66C61D}.Release|x86.ActiveCfg = Release|Any CPU
		{EDED9825-AC75-436A-89C8-0010DF66C61D}.Release|x86.Build.0 = Release|Any CPU
		{B7A53FB0-C832-41EF-929C-7865C4BF7B0E}.Debug|Any CPU.ActiveCfg = Debug|Any CPU
		{B7A53FB0-C832-41EF-929C-7865C4BF7B0E}.Debug|Any CPU.Build.0 = Debug|Any CPU
		{B7A53FB0-C832-41EF-929C-7865C4BF7B0E}.Debug|x86.ActiveCfg = Debug|Any CPU
		{B7A53FB0-C832-41EF-929C-7865C4BF7B0E}.Debug|x86.Build.0 = Debug|Any CPU
		{B7A53FB0-C832-41EF-929C-7865C4BF7B0E}.Release|Any CPU.ActiveCfg = Release|Any CPU
		{B7A53FB0-C832-41EF-929C-7865C4BF7B0E}.Release|Any CPU.Build.0 = Release|Any CPU
		{B7A53FB0-C832-41EF-929C-7865C4BF7B0E}.Release|x86.ActiveCfg = Release|Any CPU
		{B7A53FB0-C832-41EF-929C-7865C4BF7B0E}.Release|x86.Build.0 = Release|Any CPU
		{F48B5784-4102-44AB-B07A-18485C21FC07}.Debug|Any CPU.ActiveCfg = Debug|Any CPU
		{F48B5784-4102-44AB-B07A-18485C21FC07}.Debug|Any CPU.Build.0 = Debug|Any CPU
		{F48B5784-4102-44AB-B07A-18485C21FC07}.Debug|x86.ActiveCfg = Debug|Any CPU
		{F48B5784-4102-44AB-B07A-18485C21FC07}.Debug|x86.Build.0 = Debug|Any CPU
		{F48B5784-4102-44AB-B07A-18485C21FC07}.Release|Any CPU.ActiveCfg = Release|Any CPU
		{F48B5784-4102-44AB-B07A-18485C21FC07}.Release|Any CPU.Build.0 = Release|Any CPU
		{F48B5784-4102-44AB-B07A-18485C21FC07}.Release|x86.ActiveCfg = Release|Any CPU
		{F48B5784-4102-44AB-B07A-18485C21FC07}.Release|x86.Build.0 = Release|Any CPU
		{1C77D649-95F0-4E45-9D28-568F94574AC2}.Debug|Any CPU.ActiveCfg = Debug|Any CPU
		{1C77D649-95F0-4E45-9D28-568F94574AC2}.Debug|Any CPU.Build.0 = Debug|Any CPU
		{1C77D649-95F0-4E45-9D28-568F94574AC2}.Debug|x86.ActiveCfg = Debug|Any CPU
		{1C77D649-95F0-4E45-9D28-568F94574AC2}.Debug|x86.Build.0 = Debug|Any CPU
		{1C77D649-95F0-4E45-9D28-568F94574AC2}.Release|Any CPU.ActiveCfg = Release|Any CPU
		{1C77D649-95F0-4E45-9D28-568F94574AC2}.Release|Any CPU.Build.0 = Release|Any CPU
		{1C77D649-95F0-4E45-9D28-568F94574AC2}.Release|x86.ActiveCfg = Release|Any CPU
		{1C77D649-95F0-4E45-9D28-568F94574AC2}.Release|x86.Build.0 = Release|Any CPU
	EndGlobalSection
	GlobalSection(SolutionProperties) = preSolution
		HideSolutionNode = FALSE
	EndGlobalSection
	GlobalSection(NestedProjects) = preSolution
		{F48B5784-4102-44AB-B07A-18485C21FC07} = {B41FB63E-5400-433A-AE72-BA3787D122E6}
		{1C77D649-95F0-4E45-9D28-568F94574AC2} = {B41FB63E-5400-433A-AE72-BA3787D122E6}
	EndGlobalSection
	GlobalSection(ExtensibilityGlobals) = postSolution
		SolutionGuid = {A6979008-4F24-46CF-8A9B-9E05FCA3AA20}
	EndGlobalSection
EndGlobal
